# This file was autogenerated by uv via the following command:
#    uv pip compile requirements.in -o requirements.lock
aiohappyeyeballs==2.7.1
    # via aiohttp
aiohttp==3.14.3
    # via mcp-agent
aiosignal==1.4.0
    # via aiohttp
annotated-doc==0.0.5
    # via
    #   fastapi
    #   typer
annotated-types==0.8.0
    # via pydantic
anyio==4.15.1
    # via
    #   httpx
    #   mcp
    #   sse-starlette
    #   starlette
attrs==26.1.0
    # via
    #   aiohttp
    #   jsonschema
    #   referencing
certifi==2026.7.22
    # via
    #   httpcore
    #   httpx
    #   requests
cffi==2.1.1
    # via cryptography
charset-normalizer==3.5.1
    # via requests
click==8.5.0
    # via uvicorn
cloudpickle==3.1.2
    # via joblib
cryptography==50.0.1
    # via pyjwt
fastapi==0.141.1
    # via mcp-agent
frozenlist==1.8.0
    # via
    #   aiohttp
    #   aiosignal
googleapis-common-protos==1.75.3
    # via opentelemetry-exporter-otlp-proto-http
h11==0.16.0
    # via
    #   httpcore
    #   uvicorn
httpcore==1.0.9
    # via httpx
httpx==0.28.1
    # via
    #   mcp
    #   mcp-agent
httpx-sse==0.4.3
    # via mcp
idna==3.19
    # via
    #   anyio
    #   httpx
    #   requests
    #   yarl
joblib==1.6.0
    # via scikit-learn
jsonref==1.1.0
    # via mcp-agent
jsonschema==4.26.0
    # via mcp
jsonschema-specifications==2025.9.1
    # via jsonschema
markdown-it-py==4.2.0
    # via rich
mcp==1.30.0
    # via
    #   -r requirements.in
    #   mcp-agent
mcp-agent==0.2.6
    # via -r requirements.in
mdurl==0.1.2
    # via markdown-it-py
multidict==6.8.0
    # via
    #   aiohttp
    #   yarl
narwhals==2.26.0
    # via scikit-learn
numpy==2.5.3
    # via
    #   mcp-agent
    #   scikit-learn
    #   scipy
opentelemetry-api==1.44.0
    # via
    #   opentelemetry-distro
    #   opentelemetry-exporter-otlp-proto-http
    #   opentelemetry-instrumentation
    #   opentelemetry-instrumentation-anthropic
    #   opentelemetry-instrumentation-openai
    #   opentelemetry-sdk
    #   opentelemetry-semantic-conventions
opentelemetry-distro==0.65b0
    # via mcp-agent
opentelemetry-exporter-otlp-proto-common==1.44.0
    # via opentelemetry-exporter-otlp-proto-http
opentelemetry-exporter-otlp-proto-http==1.44.0
    # via mcp-agent
opentelemetry-instrumentation==0.65b0
    # via
    #   opentelemetry-distro
    #   opentelemetry-instrumentation-anthropic
    #   opentelemetry-instrumentation-openai
opentelemetry-instrumentation-anthropic==0.62.3
    # via mcp-agent
opentelemetry-instrumentation-openai==0.62.3
    # via mcp-agent
opentelemetry-proto==1.44.0
    # via
    #   opentelemetry-exporter-otlp-proto-common
    #   opentelemetry-exporter-otlp-proto-http
opentelemetry-sdk==1.44.0
    # via
    #   opentelemetry-distro
    #   opentelemetry-exporter-otlp-proto-http
    #   opentelemetry-semantic-conventions-ai
opentelemetry-semantic-conventions==0.65b0
    # via
    #   opentelemetry-instrumentation
    #   opentelemetry-instrumentation-anthropic
    #   opentelemetry-instrumentation-openai
    #   opentelemetry-sdk
    #   opentelemetry-semantic-conventions-ai
opentelemetry-semantic-conventions-ai==0.5.1
    # via
    #   opentelemetry-instrumentation-anthropic
    #   opentelemetry-instrumentation-openai
packaging==26.3
    # via opentelemetry-instrumentation
pathspec==1.1.1
    # via mcp-agent
prompt-toolkit==3.0.53
    # via mcp-agent
propcache==0.5.2
    # via
    #   aiohttp
    #   yarl
protobuf==7.36.1
    # via
    #   googleapis-common-protos
    #   opentelemetry-proto
pycparser==3.0
    # via cffi
pydantic==2.13.5
    # via
    #   fastapi
    #   mcp
    #   mcp-agent
    #   pydantic-settings
    #   pydantic-yaml
pydantic-core==2.46.5
    # via pydantic
pydantic-settings==2.15.0
    # via
    #   mcp
    #   mcp-agent
pydantic-yaml==1.7.0
    # via mcp-agent
pygments==2.21.0
    # via rich
pyjwt==2.13.0
    # via mcp
python-dotenv==1.2.3
    # via
    #   mcp-agent
    #   pydantic-settings
python-multipart==0.0.32
    # via mcp
pyyaml==6.0.3
    # via mcp-agent
referencing==0.37.0
    # via
    #   jsonschema
    #   jsonschema-specifications
requests==2.34.2
    # via opentelemetry-exporter-otlp-proto-http
rich==15.0.0
    # via
    #   mcp-agent
    #   typer
rpds-py==2026.6.3
    # via
    #   jsonschema
    #   referencing
ruamel-yaml==0.19.1
    # via pydantic-yaml
scikit-learn==1.9.0
    # via mcp-agent
scipy==1.18.1
    # via scikit-learn
shellingham==1.5.4
    # via typer
sse-starlette==3.4.11
    # via mcp
starlette==1.6.0
    # via
    #   fastapi
    #   mcp
    #   sse-starlette
threadpoolctl==3.6.0
    # via scikit-learn
typer==0.27.2
    # via mcp-agent
typing-extensions==4.16.0
    # via
    #   aiohttp
    #   aiosignal
    #   anyio
    #   fastapi
    #   mcp
    #   opentelemetry-api
    #   opentelemetry-exporter-otlp-proto-http
    #   opentelemetry-sdk
    #   opentelemetry-semantic-conventions
    #   pydantic
    #   pydantic-core
    #   pydantic-yaml
    #   referencing
    #   starlette
    #   typing-inspection
typing-inspection==0.4.4
    # via
    #   fastapi
    #   mcp
    #   pydantic
    #   pydantic-settings
urllib3==2.7.0
    # via requests
uvicorn==0.52.4
    # via mcp
watchdog==6.0.0
    # via mcp-agent
wcwidth==0.8.3
    # via prompt-toolkit
websockets==17.1
    # via mcp-agent
wrapt==2.4.0
    # via opentelemetry-instrumentation
yarl==1.24.5
    # via aiohttp
